
Microsoft Visual Studio Solution File, Format Version 12.00
# 
VisualStudioVersion = 17.5.002.0
MinimumVisualStudioVersion = 
Project("{FAE04EC0-301F-11D3-BF4B-00C04F79EFBC}") = "Presentation", "Presentation\Presentation.csproj", "{47EC81C0-FE60-4F02-8387-E5E31D08B727}"
EndProject
Project("{2150E333-8FDC-42A3-9474-1A3956D46DE8}") = "src", "src", "{B83A2A02-FD02-4D2E-A788-758AEC142E30}"
EndProject
Project("{FAE04EC0-301F-11D3-BF4B-00C04F79EFBC}") = "Domain", "Domain\Domain.csproj", "{064F0600-9CF1-4513-A4EC-ADCE309B82DE}"
EndProject
Project("{FAE04EC0-301F-11D3-BF4B-00C04F79EFBC}") = "Application", "Application\Application.csproj", "{E96365C6-22B7-4077-9C6C-AC953EA36262}"
EndProject
Project("{FAE04EC0-301F-11D3-BF4B-00C04F79EFBC}") = "Infrastructure", "Infrastructure\Infrastructure.csproj", "{2D370B89-FE8D-4C62-8A27-AEFEA609A8A1}"
EndProject
Project("{2150E333-8FDC-42A3-9474-1A3956D46DE8}") = "Tests", "Tests", "{75FA6478-1624-43DB-893A-73E4F9CF02EF}"
EndProject
Project("{FAE04EC0-301F-11D3-BF4B-00C04F79EFBC}") = "RepositoriesTests", "Tests\rrr\RepositoriesTests.csproj", "{AC22E4EB-0A6F-4806-AA39-B33A1ACDD129}"
EndProject
Project("{FAE04EC0-301F-11D3-BF4B-00C04F79EFBC}") = "ServicesTests", "Tests\ServicesTests\ServicesTests.csproj", "{43888219-228E-42D0-898F-EE6334B34F90}"
EndProject
Project("{FAE04EC0-301F-11D3-BF4B-00C04F79EFBC}") = "PresentationTests", "Tests\PresentationTests\PresentationTests.csproj", "{36B5F6A0-45C4-4FDA-B194-B9FD8BF9BB27}"
EndProject
Global
	GlobalSection(SolutionConfigurationPlatforms) = preSolution
		Debug|Any CPU = Debug|Any CPU
		Release|Any CPU = Release|Any CPU
	EndGlobalSection
	GlobalSection(ProjectConfigurationPlatforms) = postSolution
		{47EC81C0-FE60-4F02-8387-E5E31D08B727}.Debug|Any CPU.ActiveCfg = Debug|Any CPU
		{47EC81C0-FE60-4F02-8387-E5E31D08B727}.Debug|Any CPU.Build.0 = Debug|Any CPU
		{47EC81C0-FE60-4F02-8387-E5E31D08B727}.Release|Any CPU.ActiveCfg = Release|Any CPU
		{47EC81C0-FE60-4F02-8387-E5E31D08B727}.Release|Any CPU.Build.0 = Release|Any CPU
		{064F0600-9CF1-4513-A4EC-ADCE309B82DE}.Debug|Any CPU.ActiveCfg = Debug|Any CPU
		{064F0600-9CF1-4513-A4EC-ADCE309B82DE}.Debug|Any CPU.Build.0 = Debug|Any CPU
		{064F0600-9CF1-4513-A4EC-ADCE309B82DE}.Release|Any CPU.ActiveCfg = Release|Any CPU
		{064F0600-9CF1-4513-A4EC-ADCE309B82DE}.Release|Any CPU.Build.0 = Release|Any CPU
		{E96365C6-22B7-4077-9C6C-AC953EA36262}.Debug|Any CPU.ActiveCfg = Debug|Any CPU
		{E96365C6-22B7-4077-9C6C-AC953EA36262}.Debug|Any CPU.Build.0 = Debug|Any CPU
		{E96365C6-22B7-4077-9C6C-AC953EA36262}.Release|Any CPU.ActiveCfg = Release|Any CPU
		{E96365C6-22B7-4077-9C6C-AC953EA36262}.Release|Any CPU.Build.0 = Release|Any CPU
		{2D370B89-FE8D-4C62-8A27-AEFEA609A8A1}.Debug|Any CPU.ActiveCfg = Debug|Any CPU
		{2D370B89-FE8D-4C62-8A27-AEFEA609A8A1}.Debug|Any CPU.Build.0 = Debug|Any CPU
		{2D370B89-FE8D-4C62-8A27-AEFEA609A8A1}.Release|Any CPU.ActiveCfg = Release|Any CPU
		{2D370B89-FE8D-4C62-8A27-AEFEA609A8A1}.Release|Any CPU.Build.0 = Release|Any CPU
		{AC22E4EB-0A6F-4806-AA39-B33A1ACDD129}.Debug|Any CPU.ActiveCfg = Debug|Any CPU
		{AC22E4EB-0A6F-4806-AA39-B33A1ACDD129}.Debug|Any CPU.Build.0 = Debug|Any CPU
		{AC22E4EB-0A6F-4806-AA39-B33A1ACDD129}.Release|Any CPU.ActiveCfg = Release|Any CPU
		{AC22E4EB-0A6F-4806-AA39-B33A1ACDD129}.Release|Any CPU.Build.0 = Release|Any CPU
		{43888219-228E-42D0-898F-EE6334B34F90}.Debug|Any CPU.ActiveCfg = Debug|Any CPU
		{43888219-228E-42D0-898F-EE6334B34F90}.Debug|Any CPU.Build.0 = Debug|Any CPU
		{43888219-228E-42D0-898F-EE6334B34F90}.Release|Any CPU.ActiveCfg = Release|Any CPU
		{43888219-228E-42D0-898F-EE6334B34F90}.Release|Any CPU.Build.0 = Release|Any CPU
		{36B5F6A0-45C4-4FDA-B194-B9FD8BF9BB27}.Debug|Any CPU.ActiveCfg = Debug|Any CPU
		{36B5F6A0-45C4-4FDA-B194-B9FD8BF9BB27}.Debug|Any CPU.Build.0 = Debug|Any CPU
		{36B5F6A0-45C4-4FDA-B194-B9FD8BF9BB27}.Release|Any CPU.ActiveCfg = Release|Any CPU
		{36B5F6A0-45C4-4FDA-B194-B9FD8BF9BB27}.Release|Any CPU.Build.0 = Release|Any CPU
	EndGlobalSection
	GlobalSection(SolutionProperties) = preSolution
		HideSolutionNode = FALSE
	EndGlobalSection
	GlobalSection(NestedProjects) = preSolution
		{47EC81C0-FE60-4F02-8387-E5E31D08B727} = {B83A2A02-FD02-4D2E-A788-758AEC142E30}
		{064F0600-9CF1-4513-A4EC-ADCE309B82DE} = {B83A2A02-FD02-4D2E-A788-758AEC142E30}
		{E96365C6-22B7-4077-9C6C-AC953EA36262} = {B83A2A02-FD02-4D2E-A788-758AEC142E30}
		{2D370B89-FE8D-4C62-8A27-AEFEA609A8A1} = {B83A2A02-FD02-4D2E-A788-758AEC142E30}
		{AC22E4EB-0A6F-4806-AA39-B33A1ACDD129} = {75FA6478-1624-43DB-893A-73E4F9CF02EF}
		{43888219-228E-42D0-898F-EE6334B34F90} = {75FA6478-1624-43DB-893A-73E4F9CF02EF}
		{36B5F6A0-45C4-4FDA-B194-B9FD8BF9BB27} = {75FA6478-1624-43DB-893A-73E4F9CF02EF}
	EndGlobalSection
EndGlobal
